
Microsoft Visual Studio Solution File, Format Version 12.00
# Visual Studio Version 17
VisualStudioVersion = 17.9.34728.123
MinimumVisualStudioVersion = 10.0.40219.1
Project("{FAE04EC0-301F-11D3-BF4B-00C04F79EFBC}") = "DesktopClient", "DesktopClient\DesktopClient.csproj", "{965BF522-0621-47BF-AD40-DDA70EF966B1}"
EndProject
Global
	GlobalSection(SolutionConfigurationPlatforms) = preSolution
		Debug|Any CPU = Debug|Any CPU
		Release|Any CPU = Release|Any CPU
	EndGlobalSection
	GlobalSection(ProjectConfigurationPlatforms) = postSolution
		{965BF522-0621-47BF-AD40-DDA70EF966B1}.Debug|Any CPU.ActiveCfg = Debug|Any CPU
		{965BF522-0621-47BF-AD40-DDA70EF966B1}.Debug|Any CPU.Build.0 = Debug|Any CPU
		{965BF522-0621-47BF-AD40-DDA70EF966B1}.Release|Any CPU.ActiveCfg = Release|Any CPU
		{965BF522-0621-47BF-AD40-DDA70EF966B1}.Release|Any CPU.Build.0 = Release|Any CPU
	EndGlobalSection
	GlobalSection(SolutionProperties) = preSolution
		HideSolutionNode = FALSE
	EndGlobalSection
	GlobalSection(ExtensibilityGlobals) = postSolution
		SolutionGuid = {FDA4778C-1AA8-4CBD-A238-B029A31FF592}
	EndGlobalSection
EndGlobal
